
Microsoft Visual Studio Solution File, Format Version 12.00
# Visual Studio Version 17
VisualStudioVersion = 17.4.33110.190
MinimumVisualStudioVersion = 10.0.40219.1
Project("{9A19103F-16F7-4668-BE54-9A1E7A4F7556}") = "IoTFileUpload", "IoTFileUpload\IoTFileUpload.csproj", "{55CE211A-DD88-4518-9BAE-CF17ED0AE4C7}"
EndProject
Project("{FAE04EC0-301F-11D3-BF4B-00C04F79EFBC}") = "FileTriggerFunction", "FileTriggerFunction\FileTriggerFunction.csproj", "{AFE2A0E3-6016-45FF-AA05-2A9BA3BB9321}"
EndProject
Global
	GlobalSection(SolutionConfigurationPlatforms) = preSolution
		Debug|Any CPU = Debug|Any CPU
		Release|Any CPU = Release|Any CPU
	EndGlobalSection
	GlobalSection(ProjectConfigurationPlatforms) = postSolution
		{55CE211A-DD88-4518-9BAE-CF17ED0AE4C7}.Debug|Any CPU.ActiveCfg = Debug|Any CPU
		{55CE211A-DD88-4518-9BAE-CF17ED0AE4C7}.Debug|Any CPU.Build.0 = Debug|Any CPU
		{55CE211A-DD88-4518-9BAE-CF17ED0AE4C7}.Release|Any CPU.ActiveCfg = Release|Any CPU
		{55CE211A-DD88-4518-9BAE-CF17ED0AE4C7}.Release|Any CPU.Build.0 = Release|Any CPU
		{AFE2A0E3-6016-45FF-AA05-2A9BA3BB9321}.Debug|Any CPU.ActiveCfg = Debug|Any CPU
		{AFE2A0E3-6016-45FF-AA05-2A9BA3BB9321}.Debug|Any CPU.Build.0 = Debug|Any CPU
		{AFE2A0E3-6016-45FF-AA05-2A9BA3BB9321}.Release|Any CPU.ActiveCfg = Release|Any CPU
		{AFE2A0E3-6016-45FF-AA05-2A9BA3BB9321}.Release|Any CPU.Build.0 = Release|Any CPU
	EndGlobalSection
	GlobalSection(SolutionProperties) = preSolution
		HideSolutionNode = FALSE
	EndGlobalSection
	GlobalSection(ExtensibilityGlobals) = postSolution
		SolutionGuid = {3E859A24-AD62-40FB-8536-181DE266AD86}
	EndGlobalSection
EndGlobal
